
Microsoft Visual Studio Solution File, Format Version 12.00
# Visual Studio Version 17
VisualStudioVersion = 17.6.33829.357
MinimumVisualStudioVersion = 10.0.40219.1
Project("{9A19103F-16F7-4668-BE54-9A1E7A4F7556}") = "RecipeWinForms", "RecipeWinForms\RecipeWinForms.csproj", "{73BC4F97-95DF-429B-B00B-8265882A6399}"
EndProject
Project("{9A19103F-16F7-4668-BE54-9A1E7A4F7556}") = "CPUFramework", "..\..\CPUFramework\CPUFramework.csproj", "{210FB002-2973-4B20-8210-38C4A1E7C453}"
EndProject
Project("{9A19103F-16F7-4668-BE54-9A1E7A4F7556}") = "CPUWindowsFormFramework", "..\..\CPUWindowsFormFramework\CPUWindowsFormFramework.csproj", "{EAEF48CA-5F5F-4A0E-B428-FC68F2C796D4}"
EndProject
Project("{9A19103F-16F7-4668-BE54-9A1E7A4F7556}") = "RecipeAppSystem", "RecipeAppSystem\RecipeAppSystem.csproj", "{E610EA5F-1FE1-40DA-B9B8-C00E5202B354}"
EndProject
Project("{9A19103F-16F7-4668-BE54-9A1E7A4F7556}") = "RecipeTest", "RecipeTest\RecipeTest.csproj", "{697ED5A1-354C-4883-BD50-72E1826496A1}"
EndProject
Project("{FAE04EC0-301F-11D3-BF4B-00C04F79EFBC}") = "RecipeMAUI", "RecipeMAUI\RecipeMAUI.csproj", "{DBC26290-4B68-4C04-AA6E-3148A8158773}"
EndProject
Global
	GlobalSection(SolutionConfigurationPlatforms) = preSolution
		Debug|Any CPU = Debug|Any CPU
		Release|Any CPU = Release|Any CPU
	EndGlobalSection
	GlobalSection(ProjectConfigurationPlatforms) = postSolution
		{73BC4F97-95DF-429B-B00B-8265882A6399}.Debug|Any CPU.ActiveCfg = Debug|Any CPU
		{73BC4F97-95DF-429B-B00B-8265882A6399}.Debug|Any CPU.Build.0 = Debug|Any CPU
		{73BC4F97-95DF-429B-B00B-8265882A6399}.Release|Any CPU.ActiveCfg = Release|Any CPU
		{73BC4F97-95DF-429B-B00B-8265882A6399}.Release|Any CPU.Build.0 = Release|Any CPU
		{210FB002-2973-4B20-8210-38C4A1E7C453}.Debug|Any CPU.ActiveCfg = Debug|Any CPU
		{210FB002-2973-4B20-8210-38C4A1E7C453}.Debug|Any CPU.Build.0 = Debug|Any CPU
		{210FB002-2973-4B20-8210-38C4A1E7C453}.Release|Any CPU.ActiveCfg = Release|Any CPU
		{210FB002-2973-4B20-8210-38C4A1E7C453}.Release|Any CPU.Build.0 = Release|Any CPU
		{EAEF48CA-5F5F-4A0E-B428-FC68F2C796D4}.Debug|Any CPU.ActiveCfg = Debug|Any CPU
		{EAEF48CA-5F5F-4A0E-B428-FC68F2C796D4}.Debug|Any CPU.Build.0 = Debug|Any CPU
		{EAEF48CA-5F5F-4A0E-B428-FC68F2C796D4}.Release|Any CPU.ActiveCfg = Release|Any CPU
		{EAEF48CA-5F5F-4A0E-B428-FC68F2C796D4}.Release|Any CPU.Build.0 = Release|Any CPU
		{E610EA5F-1FE1-40DA-B9B8-C00E5202B354}.Debug|Any CPU.ActiveCfg = Debug|Any CPU
		{E610EA5F-1FE1-40DA-B9B8-C00E5202B354}.Debug|Any CPU.Build.0 = Debug|Any CPU
		{E610EA5F-1FE1-40DA-B9B8-C00E5202B354}.Release|Any CPU.ActiveCfg = Release|Any CPU
		{E610EA5F-1FE1-40DA-B9B8-C00E5202B354}.Release|Any CPU.Build.0 = Release|Any CPU
		{697ED5A1-354C-4883-BD50-72E1826496A1}.Debug|Any CPU.ActiveCfg = Debug|Any CPU
		{697ED5A1-354C-4883-BD50-72E1826496A1}.Debug|Any CPU.Build.0 = Debug|Any CPU
		{697ED5A1-354C-4883-BD50-72E1826496A1}.Release|Any CPU.ActiveCfg = Release|Any CPU
		{697ED5A1-354C-4883-BD50-72E1826496A1}.Release|Any CPU.Build.0 = Release|Any CPU
		{DBC26290-4B68-4C04-AA6E-3148A8158773}.Debug|Any CPU.ActiveCfg = Debug|Any CPU
		{DBC26290-4B68-4C04-AA6E-3148A8158773}.Debug|Any CPU.Build.0 = Debug|Any CPU
		{DBC26290-4B68-4C04-AA6E-3148A8158773}.Debug|Any CPU.Deploy.0 = Debug|Any CPU
		{DBC26290-4B68-4C04-AA6E-3148A8158773}.Release|Any CPU.ActiveCfg = Release|Any CPU
		{DBC26290-4B68-4C04-AA6E-3148A8158773}.Release|Any CPU.Build.0 = Release|Any CPU
		{DBC26290-4B68-4C04-AA6E-3148A8158773}.Release|Any CPU.Deploy.0 = Release|Any CPU
	EndGlobalSection
	GlobalSection(SolutionProperties) = preSolution
		HideSolutionNode = FALSE
	EndGlobalSection
	GlobalSection(ExtensibilityGlobals) = postSolution
		SolutionGuid = {FEF50E9E-D6D0-48CC-8AC4-0D3A2A934294}
	EndGlobalSection
EndGlobal
